
Microsoft Visual Studio Solution File, Format Version 12.00
# Visual Studio 2015
Project("{FAE04EC0-301F-11D3-BF4B-00C04F79EFBC}") = "Super Fighting Robot_V43 (do no ris air and slide).CSharp", "Super Fighting Robot_V43 (do no ris air and slide).CSharp.csproj", "{F962C84E-EE34-14DF-EEE9-A30B83B62180}"
EndProject
Global
	GlobalSection(SolutionConfigurationPlatforms) = preSolution
		Debug|Any CPU = Debug|Any CPU
		Release|Any CPU = Release|Any CPU
	EndGlobalSection
	GlobalSection(ProjectConfigurationPlatforms) = postSolution
		{F962C84E-EE34-14DF-EEE9-A30B83B62180}.Debug|Any CPU.ActiveCfg = Debug|Any CPU
		{F962C84E-EE34-14DF-EEE9-A30B83B62180}.Debug|Any CPU.Build.0 = Debug|Any CPU
		{F962C84E-EE34-14DF-EEE9-A30B83B62180}.Release|Any CPU.ActiveCfg = Release|Any CPU
		{F962C84E-EE34-14DF-EEE9-A30B83B62180}.Release|Any CPU.Build.0 = Release|Any CPU
	EndGlobalSection
	GlobalSection(SolutionProperties) = preSolution
		HideSolutionNode = FALSE
	EndGlobalSection
EndGlobal
